{
  "name": "@dokove/pub-labs",
  "version": "0.1.0",
  "lockfileVersion": 3,
  "requires": true,
  "packages": {
    "": {
      "name": "@dokove/pub-labs",
      "version": "0.1.0",
      "license": "MIT",
      "dependencies": {
        "@dokove/taxonomies": "file:../pub.taxonomies"
      }
    },
    "../pub.taxonomies": {
      "name": "@dokove/taxonomies",
      "version": "0.1.0",
      "license": "MIT",
      "dependencies": {
        "gray-matter": "^4.0.3"
      },
      "engines": {
        "node": ">=20"
      }
    },
    "node_modules/@dokove/taxonomies": {
      "resolved": "../pub.taxonomies",
      "link": true
    }
  }
}
